
Microsoft Visual Studio Solution File, Format Version 12.00
# Visual Studio Version 17
VisualStudioVersion = 17.13.35931.197
MinimumVisualStudioVersion = 10.0.40219.1
Project("{FAE04EC0-301F-11D3-BF4B-00C04F79EFBC}") = "AlbumStore", "AlbumStore\AlbumStore.csproj", "{531040BB-C5D5-4EFE-B5B0-853D1F0B475A}"
EndProject
Project("{54435603-DBB4-11D2-8724-00A0C9A8B90C}") = "Setup", "Setup\Setup.vdproj", "{DBE9999D-346E-CA63-6964-F3B7FC1D42B4}"
EndProject
Global
	GlobalSection(SolutionConfigurationPlatforms) = preSolution
		Debug|Any CPU = Debug|Any CPU
		Release|Any CPU = Release|Any CPU
	EndGlobalSection
	GlobalSection(ProjectConfigurationPlatforms) = postSolution
		{531040BB-C5D5-4EFE-B5B0-853D1F0B475A}.Debug|Any CPU.ActiveCfg = Debug|Any CPU
		{531040BB-C5D5-4EFE-B5B0-853D1F0B475A}.Debug|Any CPU.Build.0 = Debug|Any CPU
		{531040BB-C5D5-4EFE-B5B0-853D1F0B475A}.Release|Any CPU.ActiveCfg = Release|Any CPU
		{531040BB-C5D5-4EFE-B5B0-853D1F0B475A}.Release|Any CPU.Build.0 = Release|Any CPU
		{DBE9999D-346E-CA63-6964-F3B7FC1D42B4}.Debug|Any CPU.ActiveCfg = Debug
		{DBE9999D-346E-CA63-6964-F3B7FC1D42B4}.Release|Any CPU.ActiveCfg = Release
	EndGlobalSection
	GlobalSection(SolutionProperties) = preSolution
		HideSolutionNode = FALSE
	EndGlobalSection
	GlobalSection(ExtensibilityGlobals) = postSolution
		SolutionGuid = {F39CEC1A-0983-4C51-A893-58A4839DB0DD}
	EndGlobalSection
EndGlobal
